
Microsoft Visual Studio Solution File, Format Version 12.00
# Visual Studio Version 16
VisualStudioVersion = 16.0.29215.179
MinimumVisualStudioVersion = 10.0.40219.1
Project("{FAE04EC0-301F-11D3-BF4B-00C04F79EFBC}") = "DatabaseProject", "DatabaseProject\DatabaseProject.csproj", "{FE14F98E-8E8C-4025-BD07-572678185FAB}"
EndProject
Global
	GlobalSection(SolutionConfigurationPlatforms) = preSolution
		Debug|Any CPU = Debug|Any CPU
		Release|Any CPU = Release|Any CPU
	EndGlobalSection
	GlobalSection(ProjectConfigurationPlatforms) = postSolution
		{FE14F98E-8E8C-4025-BD07-572678185FAB}.Debug|Any CPU.ActiveCfg = Debug|Any CPU
		{FE14F98E-8E8C-4025-BD07-572678185FAB}.Debug|Any CPU.Build.0 = Debug|Any CPU
		{FE14F98E-8E8C-4025-BD07-572678185FAB}.Release|Any CPU.ActiveCfg = Release|Any CPU
		{FE14F98E-8E8C-4025-BD07-572678185FAB}.Release|Any CPU.Build.0 = Release|Any CPU
	EndGlobalSection
	GlobalSection(SolutionProperties) = preSolution
		HideSolutionNode = FALSE
	EndGlobalSection
	GlobalSection(ExtensibilityGlobals) = postSolution
		SolutionGuid = {ADEF4D4C-A68D-4159-BFE9-A44EC7CCFE42}
	EndGlobalSection
EndGlobal
